PODS:
  - AFNetworking (2.1.0):
    - AFNetworking/NSURLConnection
    - AFNetworking/NSURLSession
    - AFNetworking/Reachability
    - AFNetworking/Security
    - AFNetworking/Serialization
    - AFNetworking/UIKit
  - AFNetworking/NSURLConnection (2.1.0):
    - AFNetworking/Reachability
    - AFNetworking/Security
    - AFNetworking/Serialization
  - AFNetworking/NSURLSession (2.1.0):
    - AFNetworking/NSURLConnection
  - AFNetworking/Reachability (2.1.0)
  - AFNetworking/Security (2.1.0)
  - AFNetworking/Serialization (2.1.0)
  - AFNetworking/UIKit (2.1.0):
    - AFNetworking/NSURLConnection
  - EGOTableViewPullRefresh (0.1.0)
  - MBProgressHUD (0.8)
  - SDWebImage (3.5.2):
    - SDWebImage/Core
  - SDWebImage-ProgressView (0.3.0):
    - SDWebImage (~> 3.0)
  - SDWebImage/Core (3.5.2)
  - SFHFKeychainUtils (0.0.1)
  - UAAppReviewManager (0.2.1)
  - UIActivityIndicator-for-SDWebImage (1.0.3):
    - SDWebImage (~> 3.2)

DEPENDENCIES:
  - AFNetworking (~> 2.0)
  - EGOTableViewPullRefresh (~> 0.1.0)
  - MBProgressHUD (~> 0.8)
  - SDWebImage (~> 3.5.2)
  - SDWebImage-ProgressView (~> 0.3.0)
  - SFHFKeychainUtils (~> 0.0.1)
  - UAAppReviewManager (~> 0.2.1)
  - UIActivityIndicator-for-SDWebImage (~> 1.0.3)

SPEC CHECKSUMS:
  AFNetworking: c7d7901a83f631414c7eda1737261f696101a5cd
  EGOTableViewPullRefresh: 6ba637ce6dd3186b503d2d91e6b3a08a26d650f5
  MBProgressHUD: 2bbc6f470111daf7f3eaa4eb12b8cbf01c4c0622
  SDWebImage: fe7ce01ae4e0a884d168f59c9dd82d35baf8429e
  SDWebImage-ProgressView: 0984b5b885886358dff24964912d3313e104ad4f
  SFHFKeychainUtils: e828dbd9eaa509486acf95d8de2ebd414c4b7451
  UAAppReviewManager: 5951542f163e9964ce0e5bd6543f512dfc0efd51
  UIActivityIndicator-for-SDWebImage: e712b97826395022ce7b4a4b56eb7194090c19d5

COCOAPODS: 0.29.0
