PODS:
  - AFNetworking (2.2.4):
    - AFNetworking/NSURLConnection
    - AFNetworking/NSURLSession
    - AFNetworking/Reachability
    - AFNetworking/Security
    - AFNetworking/Serialization
    - AFNetworking/UIKit
  - AFNetworking/NSURLConnection (2.2.4):
    - AFNetworking/Reachability
    - AFNetworking/Security
    - AFNetworking/Serialization
  - AFNetworking/NSURLSession (2.2.4):
    - AFNetworking/NSURLConnection
  - AFNetworking/Reachability (2.2.4)
  - AFNetworking/Security (2.2.4)
  - AFNetworking/Serialization (2.2.4)
  - AFNetworking/UIKit (2.2.4):
    - AFNetworking/NSURLConnection
    - AFNetworking/NSURLSession
  - EGOTableViewPullRefresh (0.1.0)
  - MBProgressHUD (0.9)
  - SDWebImage (3.5.4):
    - SDWebImage/Core
  - SDWebImage-ProgressView (0.3.1):
    - SDWebImage (~> 3.0)
  - SDWebImage/Core (3.5.4)
  - SFHFKeychainUtils (0.0.1)
  - UAAppReviewManager (0.2.6)
  - UIActivityIndicator-for-SDWebImage (1.0.5):
    - SDWebImage (~> 3.2)

DEPENDENCIES:
  - AFNetworking (~> 2.2.1)
  - EGOTableViewPullRefresh (~> 0.1.0)
  - MBProgressHUD (~> 0.8)
  - SDWebImage (~> 3.5.2)
  - SDWebImage-ProgressView (~> 0.3.0)
  - SFHFKeychainUtils (~> 0.0.1)
  - UAAppReviewManager (~> 0.2.1)
  - UIActivityIndicator-for-SDWebImage (~> 1.0.3)

SPEC CHECKSUMS:
  AFNetworking: ab63e259fe91eef4519b371ef0a4955af0e73e64
  EGOTableViewPullRefresh: 04bb7d115f660c91a036ebade5e6678c7ef26c59
  MBProgressHUD: 2038dbcf3dce73215abed6001657043d53aa79a8
  SDWebImage: 571295c8acbb699505a0f68e54506147c3de9ea7
  SDWebImage-ProgressView: 7b7a9512cbf22d0d6e3d20d9aa8b03e1940d164f
  SFHFKeychainUtils: 6fdda05a86d035db406c7662ec1054814b68f0fd
  UAAppReviewManager: f23428de9c9cd242c2ffd899e218ba3620bd0683
  UIActivityIndicator-for-SDWebImage: d9e46f1592d04cfbeda67bb6d7bba5348558697b

COCOAPODS: 0.33.1
