// !$*UTF8*$!
{
	archiveVersion = 1;
	classes = {
	};
	objectVersion = 46;
	objects = {

/* Begin PBXBuildFile section */
		36429F4C3CD945C38223918D /* libPods.a in Frameworks */ = {isa = PBXBuildFile; fileRef = C50E3CB38C364966B1A97199 /* libPods.a */; };
		8C2D10C618AF326300E1C9A5 /* libicucore.dylib in Frameworks */ = {isa = PBXBuildFile; fileRef = 8C2D10C518AF326300E1C9A5 /* libicucore.dylib */; };
		8C2D10C818AF329200E1C9A5 /* libiconv.dylib in Frameworks */ = {isa = PBXBuildFile; fileRef = 8C2D10C718AF329200E1C9A5 /* libiconv.dylib */; };
		8C2D10CA18AF32A400E1C9A5 /* libz.dylib in Frameworks */ = {isa = PBXBuildFile; fileRef = 8C2D10C918AF32A400E1C9A5 /* libz.dylib */; };
		8C2D10CC18AF32B000E1C9A5 /* libsqlite3.dylib in Frameworks */ = {isa = PBXBuildFile; fileRef = 8C2D10CB18AF32B000E1C9A5 /* libsqlite3.dylib */; };
		8C66F22218AF637000BD5196 /* BSHomeViewController.m in Sources */ = {isa = PBXBuildFile; fileRef = 8C66F22018AF637000BD5196 /* BSHomeViewController.m */; };
		8C66F22318AF637000BD5196 /* BSHomeViewController.xib in Resources */ = {isa = PBXBuildFile; fileRef = 8C66F22118AF637000BD5196 /* BSHomeViewController.xib */; };
		8C66F22718AF63AD00BD5196 /* BSLoginViewController.m in Sources */ = {isa = PBXBuildFile; fileRef = 8C66F22518AF63AD00BD5196 /* BSLoginViewController.m */; };
		8C66F22818AF63AD00BD5196 /* BSLoginViewController.xib in Resources */ = {isa = PBXBuildFile; fileRef = 8C66F22618AF63AD00BD5196 /* BSLoginViewController.xib */; };
		8C66F22C18AF63C000BD5196 /* BSRegistViewController.m in Sources */ = {isa = PBXBuildFile; fileRef = 8C66F22A18AF63C000BD5196 /* BSRegistViewController.m */; };
		8C66F22D18AF63C000BD5196 /* BSRegistViewController.xib in Resources */ = {isa = PBXBuildFile; fileRef = 8C66F22B18AF63C000BD5196 /* BSRegistViewController.xib */; };
		8C66F23118AF642B00BD5196 /* BSGoodsViewController.m in Sources */ = {isa = PBXBuildFile; fileRef = 8C66F22F18AF642B00BD5196 /* BSGoodsViewController.m */; };
		8C66F23218AF642B00BD5196 /* BSGoodsViewController.xib in Resources */ = {isa = PBXBuildFile; fileRef = 8C66F23018AF642B00BD5196 /* BSGoodsViewController.xib */; };
		8C66F23618AF644000BD5196 /* BSQuestionListViewController.m in Sources */ = {isa = PBXBuildFile; fileRef = 8C66F23418AF644000BD5196 /* BSQuestionListViewController.m */; };
		8C66F23718AF644000BD5196 /* BSQuestionListViewController.xib in Resources */ = {isa = PBXBuildFile; fileRef = 8C66F23518AF644000BD5196 /* BSQuestionListViewController.xib */; };
		8C66F23B18AF645800BD5196 /* BSSearchViewController.m in Sources */ = {isa = PBXBuildFile; fileRef = 8C66F23918AF645800BD5196 /* BSSearchViewController.m */; };
		8C66F23C18AF645800BD5196 /* BSSearchViewController.xib in Resources */ = {isa = PBXBuildFile; fileRef = 8C66F23A18AF645800BD5196 /* BSSearchViewController.xib */; };
		8C66F24018AF646A00BD5196 /* BSShareViewController.m in Sources */ = {isa = PBXBuildFile; fileRef = 8C66F23E18AF646A00BD5196 /* BSShareViewController.m */; };
		8C66F24118AF646A00BD5196 /* BSShareViewController.xib in Resources */ = {isa = PBXBuildFile; fileRef = 8C66F23F18AF646A00BD5196 /* BSShareViewController.xib */; };
		8C66F25418AF679700BD5196 /* Account.m in Sources */ = {isa = PBXBuildFile; fileRef = 8C66F25318AF679700BD5196 /* Account.m */; };
		8C66F25718AF67A900BD5196 /* home.m in Sources */ = {isa = PBXBuildFile; fileRef = 8C66F25618AF67A900BD5196 /* home.m */; };
		8C66F25A18AF67BC00BD5196 /* userCenter.m in Sources */ = {isa = PBXBuildFile; fileRef = 8C66F25918AF67BC00BD5196 /* userCenter.m */; };
		8C66F25D18AF798000BD5196 /* AccountManager.m in Sources */ = {isa = PBXBuildFile; fileRef = 8C66F25C18AF798000BD5196 /* AccountManager.m */; };
		8CB8B23718ADC8B00031B387 /* Foundation.framework in Frameworks */ = {isa = PBXBuildFile; fileRef = 8CB8B23618ADC8B00031B387 /* Foundation.framework */; };
		8CB8B23918ADC8B00031B387 /* CoreGraphics.framework in Frameworks */ = {isa = PBXBuildFile; fileRef = 8CB8B23818ADC8B00031B387 /* CoreGraphics.framework */; };
		8CB8B23B18ADC8B00031B387 /* UIKit.framework in Frameworks */ = {isa = PBXBuildFile; fileRef = 8CB8B23A18ADC8B00031B387 /* UIKit.framework */; };
		8CB8B24118ADC8B00031B387 /* InfoPlist.strings in Resources */ = {isa = PBXBuildFile; fileRef = 8CB8B23F18ADC8B00031B387 /* InfoPlist.strings */; };
		8CB8B24318ADC8B00031B387 /* main.m in Sources */ = {isa = PBXBuildFile; fileRef = 8CB8B24218ADC8B00031B387 /* main.m */; };
		8CB8B24718ADC8B00031B387 /* BSAppDelegate.m in Sources */ = {isa = PBXBuildFile; fileRef = 8CB8B24618ADC8B00031B387 /* BSAppDelegate.m */; };
		8CB8B24918ADC8B00031B387 /* Images.xcassets in Resources */ = {isa = PBXBuildFile; fileRef = 8CB8B24818ADC8B00031B387 /* Images.xcassets */; };
		8CB8B25018ADC8B00031B387 /* XCTest.framework in Frameworks */ = {isa = PBXBuildFile; fileRef = 8CB8B24F18ADC8B00031B387 /* XCTest.framework */; };
		8CB8B25118ADC8B00031B387 /* Foundation.framework in Frameworks */ = {isa = PBXBuildFile; fileRef = 8CB8B23618ADC8B00031B387 /* Foundation.framework */; };
		8CB8B25218ADC8B00031B387 /* UIKit.framework in Frameworks */ = {isa = PBXBuildFile; fileRef = 8CB8B23A18ADC8B00031B387 /* UIKit.framework */; };
		8CB8B25A18ADC8B00031B387 /* InfoPlist.strings in Resources */ = {isa = PBXBuildFile; fileRef = 8CB8B25818ADC8B00031B387 /* InfoPlist.strings */; };
		8CB8B25C18ADC8B00031B387 /* BeautifulStartTests.m in Sources */ = {isa = PBXBuildFile; fileRef = 8CB8B25B18ADC8B00031B387 /* BeautifulStartTests.m */; };
		8CB8B28218ADF2580031B387 /* Beijing, China.gpx in Resources */ = {isa = PBXBuildFile; fileRef = 8CB8B26618ADF2580031B387 /* Beijing, China.gpx */; };
		8CB8B28418ADF9DB0031B387 /* SystemConfiguration.framework in Frameworks */ = {isa = PBXBuildFile; fileRef = 8CB8B28318ADF9DB0031B387 /* SystemConfiguration.framework */; };
		8CB8B29F18AE0F250031B387 /* JSONTool.m in Sources */ = {isa = PBXBuildFile; fileRef = 8CB8B28718AE0F250031B387 /* JSONTool.m */; };
		8CB8B2A018AE0F250031B387 /* Base64Tool.m in Sources */ = {isa = PBXBuildFile; fileRef = 8CB8B28A18AE0F250031B387 /* Base64Tool.m */; settings = {COMPILER_FLAGS = "-fno-objc-arc"; }; };
		8CB8B2A118AE0F250031B387 /* DESTools.m in Sources */ = {isa = PBXBuildFile; fileRef = 8CB8B28D18AE0F250031B387 /* DESTools.m */; };
		8CB8B2A218AE0F250031B387 /* MD5Tool.m in Sources */ = {isa = PBXBuildFile; fileRef = 8CB8B29018AE0F250031B387 /* MD5Tool.m */; };
		8CB8B2A518AE0F250031B387 /* guide0.png in Resources */ = {isa = PBXBuildFile; fileRef = 8CB8B29818AE0F250031B387 /* guide0.png */; };
		8CB8B2A618AE0F250031B387 /* guide1.png in Resources */ = {isa = PBXBuildFile; fileRef = 8CB8B29918AE0F250031B387 /* guide1.png */; };
		8CB8B2A718AE0F250031B387 /* guide2.png in Resources */ = {isa = PBXBuildFile; fileRef = 8CB8B29A18AE0F250031B387 /* guide2.png */; };
		8CB8B2A818AE0F250031B387 /* guide3.png in Resources */ = {isa = PBXBuildFile; fileRef = 8CB8B29B18AE0F250031B387 /* guide3.png */; };
		8CB8B2A918AE0F250031B387 /* guideBG.jpg in Resources */ = {isa = PBXBuildFile; fileRef = 8CB8B29C18AE0F250031B387 /* guideBG.jpg */; };
		8CB8B2AA18AE0F250031B387 /* GuideView.m in Sources */ = {isa = PBXBuildFile; fileRef = 8CB8B29E18AE0F250031B387 /* GuideView.m */; };
		8CB8B2AD18AE14ED0031B387 /* BSViewController.m in Sources */ = {isa = PBXBuildFile; fileRef = 8CB8B2AC18AE14ED0031B387 /* BSViewController.m */; };
		8CB8B2B018AE151F0031B387 /* BSNavigationController.m in Sources */ = {isa = PBXBuildFile; fileRef = 8CB8B2AF18AE151F0031B387 /* BSNavigationController.m */; };
		8CB8B2B618AE164C0031B387 /* KeyChainIDFA.m in Sources */ = {isa = PBXBuildFile; fileRef = 8CB8B2B318AE164C0031B387 /* KeyChainIDFA.m */; };
		8CB8B2B718AE164C0031B387 /* KeychainItemWrapper.m in Sources */ = {isa = PBXBuildFile; fileRef = 8CB8B2B518AE164C0031B387 /* KeychainItemWrapper.m */; settings = {COMPILER_FLAGS = "-fno-objc-arc"; }; };
		8CD16A7918B448E10012C8DC /* libiOSShare.a in Frameworks */ = {isa = PBXBuildFile; fileRef = 8CD16A7418B448C70012C8DC /* libiOSShare.a */; };
		8CD16A7F18B457E00012C8DC /* Device.m in Sources */ = {isa = PBXBuildFile; fileRef = 8CD16A7D18B457E00012C8DC /* Device.m */; };
		8CD16A8518B4602D0012C8DC /* BS_dapter_iOS7.m in Sources */ = {isa = PBXBuildFile; fileRef = 8CD16A8418B4602D0012C8DC /* BS_dapter_iOS7.m */; };
		EF086E3018DD9E6B0029C0E0 /* BSUserCenterViewController.m in Sources */ = {isa = PBXBuildFile; fileRef = EF086E2E18DD9E6B0029C0E0 /* BSUserCenterViewController.m */; };
		EF086E3118DD9E6B0029C0E0 /* BSUserCenterViewController.xib in Resources */ = {isa = PBXBuildFile; fileRef = EF086E2F18DD9E6B0029C0E0 /* BSUserCenterViewController.xib */; };
		EF086E3618DDA15A0029C0E0 /* icon_tab_home.png in Resources */ = {isa = PBXBuildFile; fileRef = EF086E3218DDA15A0029C0E0 /* icon_tab_home.png */; };
		EF086E3718DDA15A0029C0E0 /* icon_tab_share.png in Resources */ = {isa = PBXBuildFile; fileRef = EF086E3318DDA15A0029C0E0 /* icon_tab_share.png */; };
		EF086E3818DDA15A0029C0E0 /* icon_tab_usercenter.png in Resources */ = {isa = PBXBuildFile; fileRef = EF086E3418DDA15A0029C0E0 /* icon_tab_usercenter.png */; };
		EF086E3918DDA15A0029C0E0 /* icon_tab_goods.png in Resources */ = {isa = PBXBuildFile; fileRef = EF086E3518DDA15A0029C0E0 /* icon_tab_goods.png */; };
		EF086E3B18DDA16A0029C0E0 /* icon_tab_question.png in Resources */ = {isa = PBXBuildFile; fileRef = EF086E3A18DDA16A0029C0E0 /* icon_tab_question.png */; };
		EFD14C9C18DD864A00C76E00 /* MobileCoreServices.framework in Frameworks */ = {isa = PBXBuildFile; fileRef = EFD14C9B18DD864A00C76E00 /* MobileCoreServices.framework */; };
		EFD14CA518DD8C8F00C76E00 /* BSRootViewController.m in Sources */ = {isa = PBXBuildFile; fileRef = EFD14CA418DD8C8F00C76E00 /* BSRootViewController.m */; };
		EFD14CA818DD8FAD00C76E00 /* libNGTabBarController.a in Frameworks */ = {isa = PBXBuildFile; fileRef = EFD14CA218DD8C3400C76E00 /* libNGTabBarController.a */; };
/* End PBXBuildFile section */

/* Begin PBXContainerItemProxy section */
		8CB8B25318ADC8B00031B387 /* PBXContainerItemProxy */ = {
			isa = PBXContainerItemProxy;
			containerPortal = 8CB8B22B18ADC8B00031B387 /* Project object */;
			proxyType = 1;
			remoteGlobalIDString = 8CB8B23218ADC8B00031B387;
			remoteInfo = BeautifulStart;
		};
		8CD16A7318B448C70012C8DC /* PBXContainerItemProxy */ = {
			isa = PBXContainerItemProxy;
			containerPortal = 8CD16A6E18B448C60012C8DC /* iOSShare.xcodeproj */;
			proxyType = 2;
			remoteGlobalIDString = 8CAC37BB18B2FA6300737F24;
			remoteInfo = iOSShare;
		};
		8CD16A7518B448C70012C8DC /* PBXContainerItemProxy */ = {
			isa = PBXContainerItemProxy;
			containerPortal = 8CD16A6E18B448C60012C8DC /* iOSShare.xcodeproj */;
			proxyType = 2;
			remoteGlobalIDString = 8CAC37CB18B2FA6300737F24;
			remoteInfo = iOSShareTests;
		};
		8CD16A7718B448D80012C8DC /* PBXContainerItemProxy */ = {
			isa = PBXContainerItemProxy;
			containerPortal = 8CD16A6E18B448C60012C8DC /* iOSShare.xcodeproj */;
			proxyType = 1;
			remoteGlobalIDString = 8CAC37BA18B2FA6300737F24;
			remoteInfo = iOSShare;
		};
		EFD14CA118DD8C3400C76E00 /* PBXContainerItemProxy */ = {
			isa = PBXContainerItemProxy;
			containerPortal = EFD14C9D18DD8C3400C76E00 /* NGTabBarController.xcodeproj */;
			proxyType = 2;
			remoteGlobalIDString = 9B80B52D14EA8F7100B83FA0;
			remoteInfo = NGTabBarController;
		};
		EFD14CA618DD8F8F00C76E00 /* PBXContainerItemProxy */ = {
			isa = PBXContainerItemProxy;
			containerPortal = EFD14C9D18DD8C3400C76E00 /* NGTabBarController.xcodeproj */;
			proxyType = 1;
			remoteGlobalIDString = 9B80B52C14EA8F7100B83FA0;
			remoteInfo = NGTabBarController;
		};
/* End PBXContainerItemProxy section */

/* Begin PBXFileReference section */
		8C2D10BD18AF165200E1C9A5 /* BSComMacro.h */ = {isa = PBXFileReference; fileEncoding = 4; lastKnownFileType = sourcecode.c.h; path = BSComMacro.h; sourceTree = "<group>"; };
		8C2D10C518AF326300E1C9A5 /* libicucore.dylib */ = {isa = PBXFileReference; lastKnownFileType = "compiled.mach-o.dylib"; name = libicucore.dylib; path = usr/lib/libicucore.dylib; sourceTree = SDKROOT; };
		8C2D10C718AF329200E1C9A5 /* libiconv.dylib */ = {isa = PBXFileReference; lastKnownFileType = "compiled.mach-o.dylib"; name = libiconv.dylib; path = usr/lib/libiconv.dylib; sourceTree = SDKROOT; };
		8C2D10C918AF32A400E1C9A5 /* libz.dylib */ = {isa = PBXFileReference; lastKnownFileType = "compiled.mach-o.dylib"; name = libz.dylib; path = usr/lib/libz.dylib; sourceTree = SDKROOT; };
		8C2D10CB18AF32B000E1C9A5 /* libsqlite3.dylib */ = {isa = PBXFileReference; lastKnownFileType = "compiled.mach-o.dylib"; name = libsqlite3.dylib; path = usr/lib/libsqlite3.dylib; sourceTree = SDKROOT; };
		8C66F21F18AF637000BD5196 /* BSHomeViewController.h */ = {isa = PBXFileReference; fileEncoding = 4; lastKnownFileType = sourcecode.c.h; path = BSHomeViewController.h; sourceTree = "<group>"; };
		8C66F22018AF637000BD5196 /* BSHomeViewController.m */ = {isa = PBXFileReference; fileEncoding = 4; lastKnownFileType = sourcecode.c.objc; path = BSHomeViewController.m; sourceTree = "<group>"; };
		8C66F22118AF637000BD5196 /* BSHomeViewController.xib */ = {isa = PBXFileReference; fileEncoding = 4; lastKnownFileType = file.xib; path = BSHomeViewController.xib; sourceTree = "<group>"; };
		8C66F22418AF63AD00BD5196 /* BSLoginViewController.h */ = {isa = PBXFileReference; fileEncoding = 4; lastKnownFileType = sourcecode.c.h; path = BSLoginViewController.h; sourceTree = "<group>"; };
		8C66F22518AF63AD00BD5196 /* BSLoginViewController.m */ = {isa = PBXFileReference; fileEncoding = 4; lastKnownFileType = sourcecode.c.objc; path = BSLoginViewController.m; sourceTree = "<group>"; };
		8C66F22618AF63AD00BD5196 /* BSLoginViewController.xib */ = {isa = PBXFileReference; fileEncoding = 4; lastKnownFileType = file.xib; path = BSLoginViewController.xib; sourceTree = "<group>"; };
		8C66F22918AF63C000BD5196 /* BSRegistViewController.h */ = {isa = PBXFileReference; fileEncoding = 4; lastKnownFileType = sourcecode.c.h; path = BSRegistViewController.h; sourceTree = "<group>"; };
		8C66F22A18AF63C000BD5196 /* BSRegistViewController.m */ = {isa = PBXFileReference; fileEncoding = 4; lastKnownFileType = sourcecode.c.objc; path = BSRegistViewController.m; sourceTree = "<group>"; };
		8C66F22B18AF63C000BD5196 /* BSRegistViewController.xib */ = {isa = PBXFileReference; fileEncoding = 4; lastKnownFileType = file.xib; path = BSRegistViewController.xib; sourceTree = "<group>"; };
		8C66F22E18AF642B00BD5196 /* BSGoodsViewController.h */ = {isa = PBXFileReference; fileEncoding = 4; lastKnownFileType = sourcecode.c.h; path = BSGoodsViewController.h; sourceTree = "<group>"; };
		8C66F22F18AF642B00BD5196 /* BSGoodsViewController.m */ = {isa = PBXFileReference; fileEncoding = 4; lastKnownFileType = sourcecode.c.objc; path = BSGoodsViewController.m; sourceTree = "<group>"; };
		8C66F23018AF642B00BD5196 /* BSGoodsViewController.xib */ = {isa = PBXFileReference; fileEncoding = 4; lastKnownFileType = file.xib; path = BSGoodsViewController.xib; sourceTree = "<group>"; };
		8C66F23318AF644000BD5196 /* BSQuestionListViewController.h */ = {isa = PBXFileReference; fileEncoding = 4; lastKnownFileType = sourcecode.c.h; path = BSQuestionListViewController.h; sourceTree = "<group>"; };
		8C66F23418AF644000BD5196 /* BSQuestionListViewController.m */ = {isa = PBXFileReference; fileEncoding = 4; lastKnownFileType = sourcecode.c.objc; path = BSQuestionListViewController.m; sourceTree = "<group>"; };
		8C66F23518AF644000BD5196 /* BSQuestionListViewController.xib */ = {isa = PBXFileReference; fileEncoding = 4; lastKnownFileType = file.xib; path = BSQuestionListViewController.xib; sourceTree = "<group>"; };
		8C66F23818AF645800BD5196 /* BSSearchViewController.h */ = {isa = PBXFileReference; fileEncoding = 4; lastKnownFileType = sourcecode.c.h; path = BSSearchViewController.h; sourceTree = "<group>"; };
		8C66F23918AF645800BD5196 /* BSSearchViewController.m */ = {isa = PBXFileReference; fileEncoding = 4; lastKnownFileType = sourcecode.c.objc; path = BSSearchViewController.m; sourceTree = "<group>"; };
		8C66F23A18AF645800BD5196 /* BSSearchViewController.xib */ = {isa = PBXFileReference; fileEncoding = 4; lastKnownFileType = file.xib; path = BSSearchViewController.xib; sourceTree = "<group>"; };
		8C66F23D18AF646A00BD5196 /* BSShareViewController.h */ = {isa = PBXFileReference; fileEncoding = 4; lastKnownFileType = sourcecode.c.h; path = BSShareViewController.h; sourceTree = "<group>"; };
		8C66F23E18AF646A00BD5196 /* BSShareViewController.m */ = {isa = PBXFileReference; fileEncoding = 4; lastKnownFileType = sourcecode.c.objc; path = BSShareViewController.m; sourceTree = "<group>"; };
		8C66F23F18AF646A00BD5196 /* BSShareViewController.xib */ = {isa = PBXFileReference; fileEncoding = 4; lastKnownFileType = file.xib; path = BSShareViewController.xib; sourceTree = "<group>"; };
		8C66F25218AF679700BD5196 /* Account.h */ = {isa = PBXFileReference; fileEncoding = 4; lastKnownFileType = sourcecode.c.h; path = Account.h; sourceTree = "<group>"; };
		8C66F25318AF679700BD5196 /* Account.m */ = {isa = PBXFileReference; fileEncoding = 4; lastKnownFileType = sourcecode.c.objc; path = Account.m; sourceTree = "<group>"; };
		8C66F25518AF67A900BD5196 /* home.h */ = {isa = PBXFileReference; fileEncoding = 4; lastKnownFileType = sourcecode.c.h; path = home.h; sourceTree = "<group>"; };
		8C66F25618AF67A900BD5196 /* home.m */ = {isa = PBXFileReference; fileEncoding = 4; lastKnownFileType = sourcecode.c.objc; path = home.m; sourceTree = "<group>"; };
		8C66F25818AF67BC00BD5196 /* userCenter.h */ = {isa = PBXFileReference; fileEncoding = 4; lastKnownFileType = sourcecode.c.h; path = userCenter.h; sourceTree = "<group>"; };
		8C66F25918AF67BC00BD5196 /* userCenter.m */ = {isa = PBXFileReference; fileEncoding = 4; lastKnownFileType = sourcecode.c.objc; path = userCenter.m; sourceTree = "<group>"; };
		8C66F25B18AF798000BD5196 /* AccountManager.h */ = {isa = PBXFileReference; fileEncoding = 4; lastKnownFileType = sourcecode.c.h; path = AccountManager.h; sourceTree = "<group>"; };
		8C66F25C18AF798000BD5196 /* AccountManager.m */ = {isa = PBXFileReference; fileEncoding = 4; lastKnownFileType = sourcecode.c.objc; path = AccountManager.m; sourceTree = "<group>"; };
		8CB8B23318ADC8B00031B387 /* BeautifulStart.app */ = {isa = PBXFileReference; explicitFileType = wrapper.application; includeInIndex = 0; path = BeautifulStart.app; sourceTree = BUILT_PRODUCTS_DIR; };
		8CB8B23618ADC8B00031B387 /* Foundation.framework */ = {isa = PBXFileReference; lastKnownFileType = wrapper.framework; name = Foundation.framework; path = System/Library/Frameworks/Foundation.framework; sourceTree = SDKROOT; };
		8CB8B23818ADC8B00031B387 /* CoreGraphics.framework */ = {isa = PBXFileReference; lastKnownFileType = wrapper.framework; name = CoreGraphics.framework; path = System/Library/Frameworks/CoreGraphics.framework; sourceTree = SDKROOT; };
		8CB8B23A18ADC8B00031B387 /* UIKit.framework */ = {isa = PBXFileReference; lastKnownFileType = wrapper.framework; name = UIKit.framework; path = System/Library/Frameworks/UIKit.framework; sourceTree = SDKROOT; };
		8CB8B23E18ADC8B00031B387 /* BeautifulStart-Info.plist */ = {isa = PBXFileReference; lastKnownFileType = text.plist.xml; path = "BeautifulStart-Info.plist"; sourceTree = "<group>"; };
		8CB8B24018ADC8B00031B387 /* en */ = {isa = PBXFileReference; lastKnownFileType = text.plist.strings; name = en; path = en.lproj/InfoPlist.strings; sourceTree = "<group>"; };
		8CB8B24218ADC8B00031B387 /* main.m */ = {isa = PBXFileReference; lastKnownFileType = sourcecode.c.objc; path = main.m; sourceTree = "<group>"; };
		8CB8B24418ADC8B00031B387 /* BeautifulStart-Prefix.pch */ = {isa = PBXFileReference; lastKnownFileType = sourcecode.c.h; path = "BeautifulStart-Prefix.pch"; sourceTree = "<group>"; };
		8CB8B24518ADC8B00031B387 /* BSAppDelegate.h */ = {isa = PBXFileReference; lastKnownFileType = sourcecode.c.h; path = BSAppDelegate.h; sourceTree = "<group>"; };
		8CB8B24618ADC8B00031B387 /* BSAppDelegate.m */ = {isa = PBXFileReference; lastKnownFileType = sourcecode.c.objc; path = BSAppDelegate.m; sourceTree = "<group>"; };
		8CB8B24818ADC8B00031B387 /* Images.xcassets */ = {isa = PBXFileReference; lastKnownFileType = folder.assetcatalog; path = Images.xcassets; sourceTree = "<group>"; };
		8CB8B24E18ADC8B00031B387 /* BeautifulStartTests.xctest */ = {isa = PBXFileReference; explicitFileType = wrapper.cfbundle; includeInIndex = 0; path = BeautifulStartTests.xctest; sourceTree = BUILT_PRODUCTS_DIR; };
		8CB8B24F18ADC8B00031B387 /* XCTest.framework */ = {isa = PBXFileReference; lastKnownFileType = wrapper.framework; name = XCTest.framework; path = Library/Frameworks/XCTest.framework; sourceTree = DEVELOPER_DIR; };
		8CB8B25718ADC8B00031B387 /* BeautifulStartTests-Info.plist */ = {isa = PBXFileReference; lastKnownFileType = text.plist.xml; path = "BeautifulStartTests-Info.plist"; sourceTree = "<group>"; };
		8CB8B25918ADC8B00031B387 /* en */ = {isa = PBXFileReference; lastKnownFileType = text.plist.strings; name = en; path = en.lproj/InfoPlist.strings; sourceTree = "<group>"; };
		8CB8B25B18ADC8B00031B387 /* BeautifulStartTests.m */ = {isa = PBXFileReference; lastKnownFileType = sourcecode.c.objc; path = BeautifulStartTests.m; sourceTree = "<group>"; };
		8CB8B26618ADF2580031B387 /* Beijing, China.gpx */ = {isa = PBXFileReference; fileEncoding = 4; lastKnownFileType = text.xml; path = "Beijing, China.gpx"; sourceTree = "<group>"; };
		8CB8B28318ADF9DB0031B387 /* SystemConfiguration.framework */ = {isa = PBXFileReference; lastKnownFileType = wrapper.framework; name = SystemConfiguration.framework; path = System/Library/Frameworks/SystemConfiguration.framework; sourceTree = SDKROOT; };
		8CB8B28618AE0F250031B387 /* JSONTool.h */ = {isa = PBXFileReference; fileEncoding = 4; lastKnownFileType = sourcecode.c.h; path = JSONTool.h; sourceTree = "<group>"; };
		8CB8B28718AE0F250031B387 /* JSONTool.m */ = {isa = PBXFileReference; fileEncoding = 4; lastKnownFileType = sourcecode.c.objc; path = JSONTool.m; sourceTree = "<group>"; };
		8CB8B28918AE0F250031B387 /* Base64Tool.h */ = {isa = PBXFileReference; fileEncoding = 4; lastKnownFileType = sourcecode.c.h; path = Base64Tool.h; sourceTree = "<group>"; };
		8CB8B28A18AE0F250031B387 /* Base64Tool.m */ = {isa = PBXFileReference; fileEncoding = 4; lastKnownFileType = sourcecode.c.objc; path = Base64Tool.m; sourceTree = "<group>"; };
		8CB8B28C18AE0F250031B387 /* DESTools.h */ = {isa = PBXFileReference; fileEncoding = 4; lastKnownFileType = sourcecode.c.h; path = DESTools.h; sourceTree = "<group>"; };
		8CB8B28D18AE0F250031B387 /* DESTools.m */ = {isa = PBXFileReference; fileEncoding = 4; lastKnownFileType = sourcecode.c.objc; path = DESTools.m; sourceTree = "<group>"; };
		8CB8B28F18AE0F250031B387 /* MD5Tool.h */ = {isa = PBXFileReference; fileEncoding = 4; lastKnownFileType = sourcecode.c.h; path = MD5Tool.h; sourceTree = "<group>"; };
		8CB8B29018AE0F250031B387 /* MD5Tool.m */ = {isa = PBXFileReference; fileEncoding = 4; lastKnownFileType = sourcecode.c.objc; path = MD5Tool.m; sourceTree = "<group>"; };
		8CB8B29818AE0F250031B387 /* guide0.png */ = {isa = PBXFileReference; lastKnownFileType = image.png; path = guide0.png; sourceTree = "<group>"; };
		8CB8B29918AE0F250031B387 /* guide1.png */ = {isa = PBXFileReference; lastKnownFileType = image.png; path = guide1.png; sourceTree = "<group>"; };
		8CB8B29A18AE0F250031B387 /* guide2.png */ = {isa = PBXFileReference; lastKnownFileType = image.png; path = guide2.png; sourceTree = "<group>"; };
		8CB8B29B18AE0F250031B387 /* guide3.png */ = {isa = PBXFileReference; lastKnownFileType = image.png; path = guide3.png; sourceTree = "<group>"; };
		8CB8B29C18AE0F250031B387 /* guideBG.jpg */ = {isa = PBXFileReference; lastKnownFileType = image.jpeg; path = guideBG.jpg; sourceTree = "<group>"; };
		8CB8B29D18AE0F250031B387 /* GuideView.h */ = {isa = PBXFileReference; fileEncoding = 4; lastKnownFileType = sourcecode.c.h; path = GuideView.h; sourceTree = "<group>"; };
		8CB8B29E18AE0F250031B387 /* GuideView.m */ = {isa = PBXFileReference; fileEncoding = 4; lastKnownFileType = sourcecode.c.objc; path = GuideView.m; sourceTree = "<group>"; };
		8CB8B2AB18AE14ED0031B387 /* BSViewController.h */ = {isa = PBXFileReference; fileEncoding = 4; lastKnownFileType = sourcecode.c.h; path = BSViewController.h; sourceTree = "<group>"; };
		8CB8B2AC18AE14ED0031B387 /* BSViewController.m */ = {isa = PBXFileReference; fileEncoding = 4; lastKnownFileType = sourcecode.c.objc; path = BSViewController.m; sourceTree = "<group>"; };
		8CB8B2AE18AE151F0031B387 /* BSNavigationController.h */ = {isa = PBXFileReference; fileEncoding = 4; lastKnownFileType = sourcecode.c.h; path = BSNavigationController.h; sourceTree = "<group>"; };
		8CB8B2AF18AE151F0031B387 /* BSNavigationController.m */ = {isa = PBXFileReference; fileEncoding = 4; lastKnownFileType = sourcecode.c.objc; path = BSNavigationController.m; sourceTree = "<group>"; };
		8CB8B2B218AE164C0031B387 /* KeyChainIDFA.h */ = {isa = PBXFileReference; fileEncoding = 4; lastKnownFileType = sourcecode.c.h; path = KeyChainIDFA.h; sourceTree = "<group>"; };
		8CB8B2B318AE164C0031B387 /* KeyChainIDFA.m */ = {isa = PBXFileReference; fileEncoding = 4; lastKnownFileType = sourcecode.c.objc; path = KeyChainIDFA.m; sourceTree = "<group>"; };
		8CB8B2B418AE164C0031B387 /* KeychainItemWrapper.h */ = {isa = PBXFileReference; fileEncoding = 4; lastKnownFileType = sourcecode.c.h; path = KeychainItemWrapper.h; sourceTree = "<group>"; };
		8CB8B2B518AE164C0031B387 /* KeychainItemWrapper.m */ = {isa = PBXFileReference; fileEncoding = 4; lastKnownFileType = sourcecode.c.objc; path = KeychainItemWrapper.m; sourceTree = "<group>"; };
		8CD16A6E18B448C60012C8DC /* iOSShare.xcodeproj */ = {isa = PBXFileReference; lastKnownFileType = "wrapper.pb-project"; name = iOSShare.xcodeproj; path = iOSShare_iOS7/iOSShare.xcodeproj; sourceTree = "<group>"; };
		8CD16A7D18B457E00012C8DC /* Device.m */ = {isa = PBXFileReference; fileEncoding = 4; lastKnownFileType = sourcecode.c.objc; path = Device.m; sourceTree = "<group>"; };
		8CD16A7E18B457E00012C8DC /* Device.h */ = {isa = PBXFileReference; fileEncoding = 4; lastKnownFileType = sourcecode.c.h; path = Device.h; sourceTree = "<group>"; };
		8CD16A8018B45D950012C8DC /* BSGlobalVariable.h */ = {isa = PBXFileReference; lastKnownFileType = sourcecode.c.h; path = BSGlobalVariable.h; sourceTree = "<group>"; };
		8CD16A8318B4602D0012C8DC /* BS_dapter_iOS7.h */ = {isa = PBXFileReference; fileEncoding = 4; lastKnownFileType = sourcecode.c.h; path = BS_dapter_iOS7.h; sourceTree = "<group>"; };
		8CD16A8418B4602D0012C8DC /* BS_dapter_iOS7.m */ = {isa = PBXFileReference; fileEncoding = 4; lastKnownFileType = sourcecode.c.objc; path = BS_dapter_iOS7.m; sourceTree = "<group>"; };
		8CD16A8618B461500012C8DC /* BSComHeader.h */ = {isa = PBXFileReference; lastKnownFileType = sourcecode.c.h; path = BSComHeader.h; sourceTree = "<group>"; };
		C50E3CB38C364966B1A97199 /* libPods.a */ = {isa = PBXFileReference; explicitFileType = archive.ar; includeInIndex = 0; path = libPods.a; sourceTree = BUILT_PRODUCTS_DIR; };
		E5F126179A1C40DEA0D3A758 /* Pods.xcconfig */ = {isa = PBXFileReference; includeInIndex = 1; lastKnownFileType = text.xcconfig; name = Pods.xcconfig; path = Pods/Pods.xcconfig; sourceTree = "<group>"; };
		EF086E2D18DD9E6B0029C0E0 /* BSUserCenterViewController.h */ = {isa = PBXFileReference; fileEncoding = 4; lastKnownFileType = sourcecode.c.h; path = BSUserCenterViewController.h; sourceTree = "<group>"; };
		EF086E2E18DD9E6B0029C0E0 /* BSUserCenterViewController.m */ = {isa = PBXFileReference; fileEncoding = 4; lastKnownFileType = sourcecode.c.objc; path = BSUserCenterViewController.m; sourceTree = "<group>"; };
		EF086E2F18DD9E6B0029C0E0 /* BSUserCenterViewController.xib */ = {isa = PBXFileReference; fileEncoding = 4; lastKnownFileType = file.xib; path = BSUserCenterViewController.xib; sourceTree = "<group>"; };
		EF086E3218DDA15A0029C0E0 /* icon_tab_home.png */ = {isa = PBXFileReference; lastKnownFileType = image.png; path = icon_tab_home.png; sourceTree = "<group>"; };
		EF086E3318DDA15A0029C0E0 /* icon_tab_share.png */ = {isa = PBXFileReference; lastKnownFileType = image.png; path = icon_tab_share.png; sourceTree = "<group>"; };
		EF086E3418DDA15A0029C0E0 /* icon_tab_usercenter.png */ = {isa = PBXFileReference; lastKnownFileType = image.png; path = icon_tab_usercenter.png; sourceTree = "<group>"; };
		EF086E3518DDA15A0029C0E0 /* icon_tab_goods.png */ = {isa = PBXFileReference; lastKnownFileType = image.png; path = icon_tab_goods.png; sourceTree = "<group>"; };
		EF086E3A18DDA16A0029C0E0 /* icon_tab_question.png */ = {isa = PBXFileReference; lastKnownFileType = image.png; path = icon_tab_question.png; sourceTree = "<group>"; };
		EFD14C9B18DD864A00C76E00 /* MobileCoreServices.framework */ = {isa = PBXFileReference; lastKnownFileType = wrapper.framework; name = MobileCoreServices.framework; path = System/Library/Frameworks/MobileCoreServices.framework; sourceTree = SDKROOT; };
		EFD14C9D18DD8C3400C76E00 /* NGTabBarController.xcodeproj */ = {isa = PBXFileReference; lastKnownFileType = "wrapper.pb-project"; name = NGTabBarController.xcodeproj; path = NGTabBarController/NGTabBarController.xcodeproj; sourceTree = "<group>"; };
		EFD14CA318DD8C8F00C76E00 /* BSRootViewController.h */ = {isa = PBXFileReference; fileEncoding = 4; lastKnownFileType = sourcecode.c.h; path = BSRootViewController.h; sourceTree = "<group>"; };
		EFD14CA418DD8C8F00C76E00 /* BSRootViewController.m */ = {isa = PBXFileReference; fileEncoding = 4; lastKnownFileType = sourcecode.c.objc; path = BSRootViewController.m; sourceTree = "<group>"; };
/* End PBXFileReference section */

/* Begin PBXFrameworksBuildPhase section */
		8CB8B23018ADC8B00031B387 /* Frameworks */ = {
			isa = PBXFrameworksBuildPhase;
			buildActionMask = 2147483647;
			files = (
				EFD14CA818DD8FAD00C76E00 /* libNGTabBarController.a in Frameworks */,
				EFD14C9C18DD864A00C76E00 /* MobileCoreServices.framework in Frameworks */,
				8CD16A7918B448E10012C8DC /* libiOSShare.a in Frameworks */,
				8C2D10CC18AF32B000E1C9A5 /* libsqlite3.dylib in Frameworks */,
				8C2D10CA18AF32A400E1C9A5 /* libz.dylib in Frameworks */,
				8C2D10C818AF329200E1C9A5 /* libiconv.dylib in Frameworks */,
				8C2D10C618AF326300E1C9A5 /* libicucore.dylib in Frameworks */,
				8CB8B28418ADF9DB0031B387 /* SystemConfiguration.framework in Frameworks */,
				8CB8B23918ADC8B00031B387 /* CoreGraphics.framework in Frameworks */,
				8CB8B23B18ADC8B00031B387 /* UIKit.framework in Frameworks */,
				8CB8B23718ADC8B00031B387 /* Foundation.framework in Frameworks */,
				36429F4C3CD945C38223918D /* libPods.a in Frameworks */,
			);
			runOnlyForDeploymentPostprocessing = 0;
		};
		8CB8B24B18ADC8B00031B387 /* Frameworks */ = {
			isa = PBXFrameworksBuildPhase;
			buildActionMask = 2147483647;
			files = (
				8CB8B25018ADC8B00031B387 /* XCTest.framework in Frameworks */,
				8CB8B25218ADC8B00031B387 /* UIKit.framework in Frameworks */,
				8CB8B25118ADC8B00031B387 /* Foundation.framework in Frameworks */,
			);
			runOnlyForDeploymentPostprocessing = 0;
		};
/* End PBXFrameworksBuildPhase section */

/* Begin PBXGroup section */
		8C66F21818AF62FB00BD5196 /* Views+Controllers */ = {
			isa = PBXGroup;
			children = (
				8C66F21A18AF62FC00BD5196 /* Home */,
				8C66F21B18AF62FC00BD5196 /* Login&Regist */,
				8C66F21918AF62FC00BD5196 /* Goods */,
				8C66F21C18AF62FC00BD5196 /* Question */,
				8C66F21D18AF62FC00BD5196 /* Search */,
				8C66F21E18AF62FC00BD5196 /* Share */,
				EF086E2B18DD9E380029C0E0 /* UserCenter */,
			);
			path = "Views+Controllers";
			sourceTree = "<group>";
		};
		8C66F21918AF62FC00BD5196 /* Goods */ = {
			isa = PBXGroup;
			children = (
				8C66F22E18AF642B00BD5196 /* BSGoodsViewController.h */,
				8C66F22F18AF642B00BD5196 /* BSGoodsViewController.m */,
				8C66F23018AF642B00BD5196 /* BSGoodsViewController.xib */,
			);
			path = Goods;
			sourceTree = "<group>";
		};
		8C66F21A18AF62FC00BD5196 /* Home */ = {
			isa = PBXGroup;
			children = (
				8C66F21F18AF637000BD5196 /* BSHomeViewController.h */,
				8C66F22018AF637000BD5196 /* BSHomeViewController.m */,
				8C66F22118AF637000BD5196 /* BSHomeViewController.xib */,
			);
			path = Home;
			sourceTree = "<group>";
		};
		8C66F21B18AF62FC00BD5196 /* Login&Regist */ = {
			isa = PBXGroup;
			children = (
				8C66F22418AF63AD00BD5196 /* BSLoginViewController.h */,
				8C66F22518AF63AD00BD5196 /* BSLoginViewController.m */,
				8C66F22618AF63AD00BD5196 /* BSLoginViewController.xib */,
				8C66F22918AF63C000BD5196 /* BSRegistViewController.h */,
				8C66F22A18AF63C000BD5196 /* BSRegistViewController.m */,
				8C66F22B18AF63C000BD5196 /* BSRegistViewController.xib */,
			);
			path = "Login&Regist";
			sourceTree = "<group>";
		};
		8C66F21C18AF62FC00BD5196 /* Question */ = {
			isa = PBXGroup;
			children = (
				8C66F23318AF644000BD5196 /* BSQuestionListViewController.h */,
				8C66F23418AF644000BD5196 /* BSQuestionListViewController.m */,
				8C66F23518AF644000BD5196 /* BSQuestionListViewController.xib */,
			);
			path = Question;
			sourceTree = "<group>";
		};
		8C66F21D18AF62FC00BD5196 /* Search */ = {
			isa = PBXGroup;
			children = (
				8C66F23818AF645800BD5196 /* BSSearchViewController.h */,
				8C66F23918AF645800BD5196 /* BSSearchViewController.m */,
				8C66F23A18AF645800BD5196 /* BSSearchViewController.xib */,
			);
			path = Search;
			sourceTree = "<group>";
		};
		8C66F21E18AF62FC00BD5196 /* Share */ = {
			isa = PBXGroup;
			children = (
				8C66F23D18AF646A00BD5196 /* BSShareViewController.h */,
				8C66F23E18AF646A00BD5196 /* BSShareViewController.m */,
				8C66F23F18AF646A00BD5196 /* BSShareViewController.xib */,
			);
			path = Share;
			sourceTree = "<group>";
		};
		8C66F24818AF671200BD5196 /* Model */ = {
			isa = PBXGroup;
			children = (
				8C66F24918AF671200BD5196 /* AccountModel */,
				8C66F24A18AF671200BD5196 /* HomeModel */,
				8C66F24B18AF671200BD5196 /* UserCenterModel */,
			);
			path = Model;
			sourceTree = "<group>";
		};
		8C66F24918AF671200BD5196 /* AccountModel */ = {
			isa = PBXGroup;
			children = (
				8C66F25218AF679700BD5196 /* Account.h */,
				8C66F25318AF679700BD5196 /* Account.m */,
			);
			path = AccountModel;
			sourceTree = "<group>";
		};
		8C66F24A18AF671200BD5196 /* HomeModel */ = {
			isa = PBXGroup;
			children = (
				8C66F25518AF67A900BD5196 /* home.h */,
				8C66F25618AF67A900BD5196 /* home.m */,
			);
			path = HomeModel;
			sourceTree = "<group>";
		};
		8C66F24B18AF671200BD5196 /* UserCenterModel */ = {
			isa = PBXGroup;
			children = (
				8C66F25818AF67BC00BD5196 /* userCenter.h */,
				8C66F25918AF67BC00BD5196 /* userCenter.m */,
			);
			path = UserCenterModel;
			sourceTree = "<group>";
		};
		8C66F26118AF7A0B00BD5196 /* JSONKit */ = {
			isa = PBXGroup;
			children = (
			);
			path = JSONKit;
			sourceTree = "<group>";
		};
		8CB8B22A18ADC8B00031B387 = {
			isa = PBXGroup;
			children = (
				8CB8B23C18ADC8B00031B387 /* BeautifulStart */,
				8CB8B25518ADC8B00031B387 /* BeautifulStartTests */,
				8CB8B23518ADC8B00031B387 /* Frameworks */,
				8CB8B23418ADC8B00031B387 /* Products */,
				E5F126179A1C40DEA0D3A758 /* Pods.xcconfig */,
			);
			sourceTree = "<group>";
		};
		8CB8B23418ADC8B00031B387 /* Products */ = {
			isa = PBXGroup;
			children = (
				8CB8B23318ADC8B00031B387 /* BeautifulStart.app */,
				8CB8B24E18ADC8B00031B387 /* BeautifulStartTests.xctest */,
			);
			name = Products;
			sourceTree = "<group>";
		};
		8CB8B23518ADC8B00031B387 /* Frameworks */ = {
			isa = PBXGroup;
			children = (
				8C2D10CB18AF32B000E1C9A5 /* libsqlite3.dylib */,
				8C2D10C918AF32A400E1C9A5 /* libz.dylib */,
				8C2D10C718AF329200E1C9A5 /* libiconv.dylib */,
				8C2D10C518AF326300E1C9A5 /* libicucore.dylib */,
				EFD14C9B18DD864A00C76E00 /* MobileCoreServices.framework */,
				8CB8B28318ADF9DB0031B387 /* SystemConfiguration.framework */,
				8CB8B23618ADC8B00031B387 /* Foundation.framework */,
				8CB8B23818ADC8B00031B387 /* CoreGraphics.framework */,
				8CB8B23A18ADC8B00031B387 /* UIKit.framework */,
				8CB8B24F18ADC8B00031B387 /* XCTest.framework */,
				C50E3CB38C364966B1A97199 /* libPods.a */,
				EFD14C9D18DD8C3400C76E00 /* NGTabBarController.xcodeproj */,
				8CD16A6E18B448C60012C8DC /* iOSShare.xcodeproj */,
			);
			name = Frameworks;
			sourceTree = "<group>";
		};
		8CB8B23C18ADC8B00031B387 /* BeautifulStart */ = {
			isa = PBXGroup;
			children = (
				8C66F21818AF62FB00BD5196 /* Views+Controllers */,
				8CB8B24518ADC8B00031B387 /* BSAppDelegate.h */,
				8CB8B24618ADC8B00031B387 /* BSAppDelegate.m */,
				EFD14CA318DD8C8F00C76E00 /* BSRootViewController.h */,
				EFD14CA418DD8C8F00C76E00 /* BSRootViewController.m */,
				8C66F24818AF671200BD5196 /* Model */,
				8CB8B26E18ADF2580031B387 /* Common */,
				8CB8B28118ADF2580031B387 /* Config */,
				8CB8B24818ADC8B00031B387 /* Images.xcassets */,
				8CB8B23D18ADC8B00031B387 /* Supporting Files */,
			);
			path = BeautifulStart;
			sourceTree = "<group>";
		};
		8CB8B23D18ADC8B00031B387 /* Supporting Files */ = {
			isa = PBXGroup;
			children = (
				8CB8B26518ADF2580031B387 /* Resources */,
				8CB8B23E18ADC8B00031B387 /* BeautifulStart-Info.plist */,
				8CB8B23F18ADC8B00031B387 /* InfoPlist.strings */,
				8CB8B24218ADC8B00031B387 /* main.m */,
				8CB8B24418ADC8B00031B387 /* BeautifulStart-Prefix.pch */,
			);
			name = "Supporting Files";
			sourceTree = "<group>";
		};
		8CB8B25518ADC8B00031B387 /* BeautifulStartTests */ = {
			isa = PBXGroup;
			children = (
				8CB8B25B18ADC8B00031B387 /* BeautifulStartTests.m */,
				8CB8B25618ADC8B00031B387 /* Supporting Files */,
			);
			path = BeautifulStartTests;
			sourceTree = "<group>";
		};
		8CB8B25618ADC8B00031B387 /* Supporting Files */ = {
			isa = PBXGroup;
			children = (
				8CB8B25718ADC8B00031B387 /* BeautifulStartTests-Info.plist */,
				8CB8B25818ADC8B00031B387 /* InfoPlist.strings */,
			);
			name = "Supporting Files";
			sourceTree = "<group>";
		};
		8CB8B26518ADF2580031B387 /* Resources */ = {
			isa = PBXGroup;
			children = (
				8CB8B26618ADF2580031B387 /* Beijing, China.gpx */,
				8CB8B26718ADF2580031B387 /* guideImages */,
				8CB8B26818ADF2580031B387 /* icons */,
				8CB8B26918ADF2580031B387 /* images */,
				8CB8B26C18ADF2580031B387 /* p12 */,
				8CB8B26D18ADF2580031B387 /* xib */,
			);
			path = Resources;
			sourceTree = "<group>";
		};
		8CB8B26718ADF2580031B387 /* guideImages */ = {
			isa = PBXGroup;
			children = (
			);
			path = guideImages;
			sourceTree = "<group>";
		};
		8CB8B26818ADF2580031B387 /* icons */ = {
			isa = PBXGroup;
			children = (
			);
			path = icons;
			sourceTree = "<group>";
		};
		8CB8B26918ADF2580031B387 /* images */ = {
			isa = PBXGroup;
			children = (
				8CB8B26A18ADF2580031B387 /* IMG */,
				8CB8B26B18ADF2580031B387 /* IMG@2x */,
			);
			path = images;
			sourceTree = "<group>";
		};
		8CB8B26A18ADF2580031B387 /* IMG */ = {
			isa = PBXGroup;
			children = (
				EF086E3A18DDA16A0029C0E0 /* icon_tab_question.png */,
				EF086E3218DDA15A0029C0E0 /* icon_tab_home.png */,
				EF086E3318DDA15A0029C0E0 /* icon_tab_share.png */,
				EF086E3418DDA15A0029C0E0 /* icon_tab_usercenter.png */,
				EF086E3518DDA15A0029C0E0 /* icon_tab_goods.png */,
			);
			path = IMG;
			sourceTree = "<group>";
		};
		8CB8B26B18ADF2580031B387 /* IMG@2x */ = {
			isa = PBXGroup;
			children = (
			);
			path = "IMG@2x";
			sourceTree = "<group>";
		};
		8CB8B26C18ADF2580031B387 /* p12 */ = {
			isa = PBXGroup;
			children = (
			);
			path = p12;
			sourceTree = "<group>";
		};
		8CB8B26D18ADF2580031B387 /* xib */ = {
			isa = PBXGroup;
			children = (
			);
			path = xib;
			sourceTree = "<group>";
		};
		8CB8B26E18ADF2580031B387 /* Common */ = {
			isa = PBXGroup;
			children = (
				8CB8B27218ADF2580031B387 /* BaseClass */,
				8CB8B26F18ADF2580031B387 /* Account */,
				8CB8B27018ADF2580031B387 /* adapter_iOS7 */,
				8CB8B27318ADF2580031B387 /* NetWork */,
				8CB8B27418ADF2580031B387 /* ThirdControls */,
				8CD16A8018B45D950012C8DC /* BSGlobalVariable.h */,
				8CD16A8618B461500012C8DC /* BSComHeader.h */,
			);
			path = Common;
			sourceTree = "<group>";
		};
		8CB8B26F18ADF2580031B387 /* Account */ = {
			isa = PBXGroup;
			children = (
				8C66F25B18AF798000BD5196 /* AccountManager.h */,
				8C66F25C18AF798000BD5196 /* AccountManager.m */,
			);
			path = Account;
			sourceTree = "<group>";
		};
		8CB8B27018ADF2580031B387 /* adapter_iOS7 */ = {
			isa = PBXGroup;
			children = (
				8CD16A8318B4602D0012C8DC /* BS_dapter_iOS7.h */,
				8CD16A8418B4602D0012C8DC /* BS_dapter_iOS7.m */,
			);
			path = adapter_iOS7;
			sourceTree = "<group>";
		};
		8CB8B27218ADF2580031B387 /* BaseClass */ = {
			isa = PBXGroup;
			children = (
				8CB8B2AB18AE14ED0031B387 /* BSViewController.h */,
				8CB8B2AC18AE14ED0031B387 /* BSViewController.m */,
				8CB8B2AE18AE151F0031B387 /* BSNavigationController.h */,
				8CB8B2AF18AE151F0031B387 /* BSNavigationController.m */,
			);
			path = BaseClass;
			sourceTree = "<group>";
		};
		8CB8B27318ADF2580031B387 /* NetWork */ = {
			isa = PBXGroup;
			children = (
			);
			path = NetWork;
			sourceTree = "<group>";
		};
		8CB8B27418ADF2580031B387 /* ThirdControls */ = {
			isa = PBXGroup;
			children = (
				8C66F26118AF7A0B00BD5196 /* JSONKit */,
				8CB8B2B118AE164C0031B387 /* KeychainItemWrapper */,
				8CB8B28518AE0F250031B387 /* AppleJSON */,
				8CB8B28818AE0F250031B387 /* Base64 */,
				8CB8B28B18AE0F250031B387 /* DES */,
				8CB8B28E18AE0F250031B387 /* MD5 */,
				8CB8B29118AE0F250031B387 /* RegexKitLite */,
				8CB8B29418AE0F250031B387 /* Device */,
				8CB8B29718AE0F250031B387 /* GuideView */,
			);
			path = ThirdControls;
			sourceTree = "<group>";
		};
		8CB8B28118ADF2580031B387 /* Config */ = {
			isa = PBXGroup;
			children = (
				8C2D10BD18AF165200E1C9A5 /* BSComMacro.h */,
			);
			path = Config;
			sourceTree = "<group>";
		};
		8CB8B28518AE0F250031B387 /* AppleJSON */ = {
			isa = PBXGroup;
			children = (
				8CB8B28618AE0F250031B387 /* JSONTool.h */,
				8CB8B28718AE0F250031B387 /* JSONTool.m */,
			);
			path = AppleJSON;
			sourceTree = "<group>";
		};
		8CB8B28818AE0F250031B387 /* Base64 */ = {
			isa = PBXGroup;
			children = (
				8CB8B28918AE0F250031B387 /* Base64Tool.h */,
				8CB8B28A18AE0F250031B387 /* Base64Tool.m */,
			);
			path = Base64;
			sourceTree = "<group>";
		};
		8CB8B28B18AE0F250031B387 /* DES */ = {
			isa = PBXGroup;
			children = (
				8CB8B28C18AE0F250031B387 /* DESTools.h */,
				8CB8B28D18AE0F250031B387 /* DESTools.m */,
			);
			path = DES;
			sourceTree = "<group>";
		};
		8CB8B28E18AE0F250031B387 /* MD5 */ = {
			isa = PBXGroup;
			children = (
				8CB8B28F18AE0F250031B387 /* MD5Tool.h */,
				8CB8B29018AE0F250031B387 /* MD5Tool.m */,
			);
			path = MD5;
			sourceTree = "<group>";
		};
		8CB8B29118AE0F250031B387 /* RegexKitLite */ = {
			isa = PBXGroup;
			children = (
			);
			path = RegexKitLite;
			sourceTree = "<group>";
		};
		8CB8B29418AE0F250031B387 /* Device */ = {
			isa = PBXGroup;
			children = (
				8CD16A7E18B457E00012C8DC /* Device.h */,
				8CD16A7D18B457E00012C8DC /* Device.m */,
			);
			path = Device;
			sourceTree = "<group>";
		};
		8CB8B29718AE0F250031B387 /* GuideView */ = {
			isa = PBXGroup;
			children = (
				8CB8B29818AE0F250031B387 /* guide0.png */,
				8CB8B29918AE0F250031B387 /* guide1.png */,
				8CB8B29A18AE0F250031B387 /* guide2.png */,
				8CB8B29B18AE0F250031B387 /* guide3.png */,
				8CB8B29C18AE0F250031B387 /* guideBG.jpg */,
				8CB8B29D18AE0F250031B387 /* GuideView.h */,
				8CB8B29E18AE0F250031B387 /* GuideView.m */,
			);
			path = GuideView;
			sourceTree = "<group>";
		};
		8CB8B2B118AE164C0031B387 /* KeychainItemWrapper */ = {
			isa = PBXGroup;
			children = (
				8CB8B2B218AE164C0031B387 /* KeyChainIDFA.h */,
				8CB8B2B318AE164C0031B387 /* KeyChainIDFA.m */,
				8CB8B2B418AE164C0031B387 /* KeychainItemWrapper.h */,
				8CB8B2B518AE164C0031B387 /* KeychainItemWrapper.m */,
			);
			path = KeychainItemWrapper;
			sourceTree = "<group>";
		};
		8CD16A6F18B448C60012C8DC /* Products */ = {
			isa = PBXGroup;
			children = (
				8CD16A7418B448C70012C8DC /* libiOSShare.a */,
				8CD16A7618B448C70012C8DC /* iOSShareTests.xctest */,
			);
			name = Products;
			sourceTree = "<group>";
		};
		EF086E2B18DD9E380029C0E0 /* UserCenter */ = {
			isa = PBXGroup;
			children = (
				EF086E2D18DD9E6B0029C0E0 /* BSUserCenterViewController.h */,
				EF086E2E18DD9E6B0029C0E0 /* BSUserCenterViewController.m */,
				EF086E2F18DD9E6B0029C0E0 /* BSUserCenterViewController.xib */,
			);
			path = UserCenter;
			sourceTree = "<group>";
		};
		EFD14C9E18DD8C3400C76E00 /* Products */ = {
			isa = PBXGroup;
			children = (
				EFD14CA218DD8C3400C76E00 /* libNGTabBarController.a */,
			);
			name = Products;
			sourceTree = "<group>";
		};
/* End PBXGroup section */

/* Begin PBXNativeTarget section */
		8CB8B23218ADC8B00031B387 /* BeautifulStart */ = {
			isa = PBXNativeTarget;
			buildConfigurationList = 8CB8B25F18ADC8B00031B387 /* Build configuration list for PBXNativeTarget "BeautifulStart" */;
			buildPhases = (
				AD693700E13B426781491476 /* Check Pods Manifest.lock */,
				8CB8B22F18ADC8B00031B387 /* Sources */,
				8CB8B23018ADC8B00031B387 /* Frameworks */,
				8CB8B23118ADC8B00031B387 /* Resources */,
				A0BDAAB2680E40F5AED01F22 /* Copy Pods Resources */,
			);
			buildRules = (
			);
			dependencies = (
				EFD14CA718DD8F8F00C76E00 /* PBXTargetDependency */,
				8CD16A7818B448D80012C8DC /* PBXTargetDependency */,
			);
			name = BeautifulStart;
			productName = BeautifulStart;
			productReference = 8CB8B23318ADC8B00031B387 /* BeautifulStart.app */;
			productType = "com.apple.product-type.application";
		};
		8CB8B24D18ADC8B00031B387 /* BeautifulStartTests */ = {
			isa = PBXNativeTarget;
			buildConfigurationList = 8CB8B26218ADC8B00031B387 /* Build configuration list for PBXNativeTarget "BeautifulStartTests" */;
			buildPhases = (
				8CB8B24A18ADC8B00031B387 /* Sources */,
				8CB8B24B18ADC8B00031B387 /* Frameworks */,
				8CB8B24C18ADC8B00031B387 /* Resources */,
			);
			buildRules = (
			);
			dependencies = (
				8CB8B25418ADC8B00031B387 /* PBXTargetDependency */,
			);
			name = BeautifulStartTests;
			productName = BeautifulStartTests;
			productReference = 8CB8B24E18ADC8B00031B387 /* BeautifulStartTests.xctest */;
			productType = "com.apple.product-type.bundle.unit-test";
		};
/* End PBXNativeTarget section */

/* Begin PBXProject section */
		8CB8B22B18ADC8B00031B387 /* Project object */ = {
			isa = PBXProject;
			attributes = {
				CLASSPREFIX = BS;
				LastUpgradeCheck = 0510;
				ORGANIZATIONNAME = tangbinqi;
				TargetAttributes = {
					8CB8B24D18ADC8B00031B387 = {
						TestTargetID = 8CB8B23218ADC8B00031B387;
					};
				};
			};
			buildConfigurationList = 8CB8B22E18ADC8B00031B387 /* Build configuration list for PBXProject "BeautifulStart" */;
			compatibilityVersion = "Xcode 3.2";
			developmentRegion = English;
			hasScannedForEncodings = 0;
			knownRegions = (
				en,
				"zh-Hans",
			);
			mainGroup = 8CB8B22A18ADC8B00031B387;
			productRefGroup = 8CB8B23418ADC8B00031B387 /* Products */;
			projectDirPath = "";
			projectReferences = (
				{
					ProductGroup = 8CD16A6F18B448C60012C8DC /* Products */;
					ProjectRef = 8CD16A6E18B448C60012C8DC /* iOSShare.xcodeproj */;
				},
				{
					ProductGroup = EFD14C9E18DD8C3400C76E00 /* Products */;
					ProjectRef = EFD14C9D18DD8C3400C76E00 /* NGTabBarController.xcodeproj */;
				},
			);
			projectRoot = "";
			targets = (
				8CB8B23218ADC8B00031B387 /* BeautifulStart */,
				8CB8B24D18ADC8B00031B387 /* BeautifulStartTests */,
			);
		};
/* End PBXProject section */

/* Begin PBXReferenceProxy section */
		8CD16A7418B448C70012C8DC /* libiOSShare.a */ = {
			isa = PBXReferenceProxy;
			fileType = archive.ar;
			path = libiOSShare.a;
			remoteRef = 8CD16A7318B448C70012C8DC /* PBXContainerItemProxy */;
			sourceTree = BUILT_PRODUCTS_DIR;
		};
		8CD16A7618B448C70012C8DC /* iOSShareTests.xctest */ = {
			isa = PBXReferenceProxy;
			fileType = wrapper.cfbundle;
			path = iOSShareTests.xctest;
			remoteRef = 8CD16A7518B448C70012C8DC /* PBXContainerItemProxy */;
			sourceTree = BUILT_PRODUCTS_DIR;
		};
		EFD14CA218DD8C3400C76E00 /* libNGTabBarController.a */ = {
			isa = PBXReferenceProxy;
			fileType = archive.ar;
			path = libNGTabBarController.a;
			remoteRef = EFD14CA118DD8C3400C76E00 /* PBXContainerItemProxy */;
			sourceTree = BUILT_PRODUCTS_DIR;
		};
/* End PBXReferenceProxy section */

/* Begin PBXResourcesBuildPhase section */
		8CB8B23118ADC8B00031B387 /* Resources */ = {
			isa = PBXResourcesBuildPhase;
			buildActionMask = 2147483647;
			files = (
				EF086E3818DDA15A0029C0E0 /* icon_tab_usercenter.png in Resources */,
				8CB8B2A618AE0F250031B387 /* guide1.png in Resources */,
				8CB8B2A918AE0F250031B387 /* guideBG.jpg in Resources */,
				8CB8B2A718AE0F250031B387 /* guide2.png in Resources */,
				EF086E3118DD9E6B0029C0E0 /* BSUserCenterViewController.xib in Resources */,
				EF086E3B18DDA16A0029C0E0 /* icon_tab_question.png in Resources */,
				8C66F23718AF644000BD5196 /* BSQuestionListViewController.xib in Resources */,
				8CB8B28218ADF2580031B387 /* Beijing, China.gpx in Resources */,
				8CB8B24118ADC8B00031B387 /* InfoPlist.strings in Resources */,
				8C66F22818AF63AD00BD5196 /* BSLoginViewController.xib in Resources */,
				8C66F24118AF646A00BD5196 /* BSShareViewController.xib in Resources */,
				8CB8B24918ADC8B00031B387 /* Images.xcassets in Resources */,
				EF086E3918DDA15A0029C0E0 /* icon_tab_goods.png in Resources */,
				EF086E3718DDA15A0029C0E0 /* icon_tab_share.png in Resources */,
				8C66F22318AF637000BD5196 /* BSHomeViewController.xib in Resources */,
				8C66F23C18AF645800BD5196 /* BSSearchViewController.xib in Resources */,
				8CB8B2A818AE0F250031B387 /* guide3.png in Resources */,
				8C66F22D18AF63C000BD5196 /* BSRegistViewController.xib in Resources */,
				8C66F23218AF642B00BD5196 /* BSGoodsViewController.xib in Resources */,
				8CB8B2A518AE0F250031B387 /* guide0.png in Resources */,
				EF086E3618DDA15A0029C0E0 /* icon_tab_home.png in Resources */,
			);
			runOnlyForDeploymentPostprocessing = 0;
		};
		8CB8B24C18ADC8B00031B387 /* Resources */ = {
			isa = PBXResourcesBuildPhase;
			buildActionMask = 2147483647;
			files = (
				8CB8B25A18ADC8B00031B387 /* InfoPlist.strings in Resources */,
			);
			runOnlyForDeploymentPostprocessing = 0;
		};
/* End PBXResourcesBuildPhase section */

/* Begin PBXShellScriptBuildPhase section */
		A0BDAAB2680E40F5AED01F22 /* Copy Pods Resources */ = {
			isa = PBXShellScriptBuildPhase;
			buildActionMask = 8;
			files = (
			);
			inputPaths = (
			);
			name = "Copy Pods Resources";
			outputPaths = (
			);
			runOnlyForDeploymentPostprocessing = 1;
			shellPath = /bin/sh;
			shellScript = "\"${SRCROOT}/Pods/Pods-resources.sh\"\n";
			showEnvVarsInLog = 0;
		};
		AD693700E13B426781491476 /* Check Pods Manifest.lock */ = {
			isa = PBXShellScriptBuildPhase;
			buildActionMask = 2147483647;
			files = (
			);
			inputPaths = (
			);
			name = "Check Pods Manifest.lock";
			outputPaths = (
			);
			runOnlyForDeploymentPostprocessing = 0;
			shellPath = /bin/sh;
			shellScript = "diff \"${PODS_ROOT}/../Podfile.lock\" \"${PODS_ROOT}/Manifest.lock\" > /dev/null\nif [[ $? != 0 ]] ; then\n    cat << EOM\nerror: The sandbox is not in sync with the Podfile.lock. Run 'pod install' or update your CocoaPods installation.\nEOM\n    exit 1\nfi\n";
			showEnvVarsInLog = 0;
		};
/* End PBXShellScriptBuildPhase section */

/* Begin PBXSourcesBuildPhase section */
		8CB8B22F18ADC8B00031B387 /* Sources */ = {
			isa = PBXSourcesBuildPhase;
			buildActionMask = 2147483647;
			files = (
				8CD16A7F18B457E00012C8DC /* Device.m in Sources */,
				8C66F22218AF637000BD5196 /* BSHomeViewController.m in Sources */,
				8C66F24018AF646A00BD5196 /* BSShareViewController.m in Sources */,
				8CB8B2B718AE164C0031B387 /* KeychainItemWrapper.m in Sources */,
				8CB8B29F18AE0F250031B387 /* JSONTool.m in Sources */,
				EF086E3018DD9E6B0029C0E0 /* BSUserCenterViewController.m in Sources */,
				8CB8B2B018AE151F0031B387 /* BSNavigationController.m in Sources */,
				EFD14CA518DD8C8F00C76E00 /* BSRootViewController.m in Sources */,
				8C66F22C18AF63C000BD5196 /* BSRegistViewController.m in Sources */,
				8C66F25D18AF798000BD5196 /* AccountManager.m in Sources */,
				8CB8B24318ADC8B00031B387 /* main.m in Sources */,
				8CB8B2AA18AE0F250031B387 /* GuideView.m in Sources */,
				8C66F22718AF63AD00BD5196 /* BSLoginViewController.m in Sources */,
				8C66F25718AF67A900BD5196 /* home.m in Sources */,
				8CB8B2B618AE164C0031B387 /* KeyChainIDFA.m in Sources */,
				8C66F23B18AF645800BD5196 /* BSSearchViewController.m in Sources */,
				8CB8B2A218AE0F250031B387 /* MD5Tool.m in Sources */,
				8C66F23118AF642B00BD5196 /* BSGoodsViewController.m in Sources */,
				8CD16A8518B4602D0012C8DC /* BS_dapter_iOS7.m in Sources */,
				8CB8B2A118AE0F250031B387 /* DESTools.m in Sources */,
				8CB8B2AD18AE14ED0031B387 /* BSViewController.m in Sources */,
				8C66F25418AF679700BD5196 /* Account.m in Sources */,
				8CB8B2A018AE0F250031B387 /* Base64Tool.m in Sources */,
				8CB8B24718ADC8B00031B387 /* BSAppDelegate.m in Sources */,
				8C66F23618AF644000BD5196 /* BSQuestionListViewController.m in Sources */,
				8C66F25A18AF67BC00BD5196 /* userCenter.m in Sources */,
			);
			runOnlyForDeploymentPostprocessing = 0;
		};
		8CB8B24A18ADC8B00031B387 /* Sources */ = {
			isa = PBXSourcesBuildPhase;
			buildActionMask = 2147483647;
			files = (
				8CB8B25C18ADC8B00031B387 /* BeautifulStartTests.m in Sources */,
			);
			runOnlyForDeploymentPostprocessing = 0;
		};
/* End PBXSourcesBuildPhase section */

/* Begin PBXTargetDependency section */
		8CB8B25418ADC8B00031B387 /* PBXTargetDependency */ = {
			isa = PBXTargetDependency;
			target = 8CB8B23218ADC8B00031B387 /* BeautifulStart */;
			targetProxy = 8CB8B25318ADC8B00031B387 /* PBXContainerItemProxy */;
		};
		8CD16A7818B448D80012C8DC /* PBXTargetDependency */ = {
			isa = PBXTargetDependency;
			name = iOSShare;
			targetProxy = 8CD16A7718B448D80012C8DC /* PBXContainerItemProxy */;
		};
		EFD14CA718DD8F8F00C76E00 /* PBXTargetDependency */ = {
			isa = PBXTargetDependency;
			name = NGTabBarController;
			targetProxy = EFD14CA618DD8F8F00C76E00 /* PBXContainerItemProxy */;
		};
/* End PBXTargetDependency section */

/* Begin PBXVariantGroup section */
		8CB8B23F18ADC8B00031B387 /* InfoPlist.strings */ = {
			isa = PBXVariantGroup;
			children = (
				8CB8B24018ADC8B00031B387 /* en */,
			);
			name = InfoPlist.strings;
			sourceTree = "<group>";
		};
		8CB8B25818ADC8B00031B387 /* InfoPlist.strings */ = {
			isa = PBXVariantGroup;
			children = (
				8CB8B25918ADC8B00031B387 /* en */,
			);
			name = InfoPlist.strings;
			sourceTree = "<group>";
		};
/* End PBXVariantGroup section */

/* Begin XCBuildConfiguration section */
		8CB8B25D18ADC8B00031B387 /* Debug */ = {
			isa = XCBuildConfiguration;
			buildSettings = {
				ALWAYS_SEARCH_USER_PATHS = NO;
				CLANG_CXX_LANGUAGE_STANDARD = "gnu++0x";
				CLANG_CXX_LIBRARY = "libc++";
				CLANG_ENABLE_MODULES = YES;
				CLANG_ENABLE_OBJC_ARC = YES;
				CLANG_WARN_BOOL_CONVERSION = YES;
				CLANG_WARN_CONSTANT_CONVERSION = YES;
				CLANG_WARN_DIRECT_OBJC_ISA_USAGE = YES_ERROR;
				CLANG_WARN_EMPTY_BODY = YES;
				CLANG_WARN_ENUM_CONVERSION = YES;
				CLANG_WARN_INT_CONVERSION = YES;
				CLANG_WARN_OBJC_ROOT_CLASS = YES_ERROR;
				CLANG_WARN__DUPLICATE_METHOD_MATCH = YES;
				"CODE_SIGN_IDENTITY[sdk=iphoneos*]" = "iPhone Developer";
				COPY_PHASE_STRIP = NO;
				GCC_C_LANGUAGE_STANDARD = gnu99;
				GCC_DYNAMIC_NO_PIC = NO;
				GCC_OPTIMIZATION_LEVEL = 0;
				GCC_PREPROCESSOR_DEFINITIONS = (
					"DEBUG=1",
					"$(inherited)",
				);
				GCC_SYMBOLS_PRIVATE_EXTERN = NO;
				GCC_WARN_64_TO_32_BIT_CONVERSION = YES;
				GCC_WARN_ABOUT_RETURN_TYPE = YES_ERROR;
				GCC_WARN_UNDECLARED_SELECTOR = YES;
				GCC_WARN_UNINITIALIZED_AUTOS = YES;
				GCC_WARN_UNUSED_FUNCTION = YES;
				GCC_WARN_UNUSED_VARIABLE = YES;
				IPHONEOS_DEPLOYMENT_TARGET = 6.0;
				ONLY_ACTIVE_ARCH = YES;
				SDKROOT = iphoneos;
			};
			name = Debug;
		};
		8CB8B25E18ADC8B00031B387 /* Release */ = {
			isa = XCBuildConfiguration;
			buildSettings = {
				ALWAYS_SEARCH_USER_PATHS = NO;
				CLANG_CXX_LANGUAGE_STANDARD = "gnu++0x";
				CLANG_CXX_LIBRARY = "libc++";
				CLANG_ENABLE_MODULES = YES;
				CLANG_ENABLE_OBJC_ARC = YES;
				CLANG_WARN_BOOL_CONVERSION = YES;
				CLANG_WARN_CONSTANT_CONVERSION = YES;
				CLANG_WARN_DIRECT_OBJC_ISA_USAGE = YES_ERROR;
				CLANG_WARN_EMPTY_BODY = YES;
				CLANG_WARN_ENUM_CONVERSION = YES;
				CLANG_WARN_INT_CONVERSION = YES;
				CLANG_WARN_OBJC_ROOT_CLASS = YES_ERROR;
				CLANG_WARN__DUPLICATE_METHOD_MATCH = YES;
				"CODE_SIGN_IDENTITY[sdk=iphoneos*]" = "iPhone Developer";
				COPY_PHASE_STRIP = YES;
				ENABLE_NS_ASSERTIONS = NO;
				GCC_C_LANGUAGE_STANDARD = gnu99;
				GCC_WARN_64_TO_32_BIT_CONVERSION = YES;
				GCC_WARN_ABOUT_RETURN_TYPE = YES_ERROR;
				GCC_WARN_UNDECLARED_SELECTOR = YES;
				GCC_WARN_UNINITIALIZED_AUTOS = YES;
				GCC_WARN_UNUSED_FUNCTION = YES;
				GCC_WARN_UNUSED_VARIABLE = YES;
				IPHONEOS_DEPLOYMENT_TARGET = 6.0;
				SDKROOT = iphoneos;
				VALIDATE_PRODUCT = YES;
			};
			name = Release;
		};
		8CB8B26018ADC8B00031B387 /* Debug */ = {
			isa = XCBuildConfiguration;
			baseConfigurationReference = E5F126179A1C40DEA0D3A758 /* Pods.xcconfig */;
			buildSettings = {
				ASSETCATALOG_COMPILER_APPICON_NAME = AppIcon;
				ASSETCATALOG_COMPILER_LAUNCHIMAGE_NAME = LaunchImage;
				FRAMEWORK_SEARCH_PATHS = (
					"\"$(SRCROOT)/iOSShare\"",
					"\"${PODS_ROOT}\"",
				);
				GCC_PRECOMPILE_PREFIX_HEADER = YES;
				GCC_PREFIX_HEADER = "BeautifulStart/BeautifulStart-Prefix.pch";
				HEADER_SEARCH_PATHS = (
					"\"$(SRCROOT)/iOSShare\"/**",
					"\"${PODS_ROOT}/Headers\"",
					"\"${PODS_ROOT}/Headers/AFNetworking\"",
					"\"${PODS_ROOT}/Headers/EGOTableViewPullRefresh\"",
					"\"${PODS_ROOT}/Headers/MBProgressHUD\"",
					"\"${PODS_ROOT}/Headers/SDWebImage\"",
					"\"${PODS_ROOT}/Headers/SDWebImage-ProgressView\"",
					"\"${PODS_ROOT}/Headers/SFHFKeychainUtils\"",
					"\"${PODS_ROOT}/Headers/UAAppReviewManager\"",
					"\"${PODS_ROOT}/Headers/UIActivityIndicator-for-SDWebImage\"",
					"\"$(SRCROOT)/NGTabBarController\"/**",
				);
				INFOPLIST_FILE = "BeautifulStart/BeautifulStart-Info.plist";
				OTHER_LDFLAGS = (
					"-ObjC",
					"-framework",
					CFNetwork,
					"-framework",
					CoreGraphics,
					"-framework",
					ImageIO,
					"-framework",
					MobileCoreServices,
					"-framework",
					QuartzCore,
					"-framework",
					Security,
					"-framework",
					SystemConfiguration,
					"-weak_framework",
					StoreKit,
				);
				PRODUCT_NAME = "$(TARGET_NAME)";
				WARNING_CFLAGS = "-Wno-arc-performSelector-leaks";
				WRAPPER_EXTENSION = app;
			};
			name = Debug;
		};
		8CB8B26118ADC8B00031B387 /* Release */ = {
			isa = XCBuildConfiguration;
			baseConfigurationReference = E5F126179A1C40DEA0D3A758 /* Pods.xcconfig */;
			buildSettings = {
				ASSETCATALOG_COMPILER_APPICON_NAME = AppIcon;
				ASSETCATALOG_COMPILER_LAUNCHIMAGE_NAME = LaunchImage;
				FRAMEWORK_SEARCH_PATHS = (
					"\"$(SRCROOT)/iOSShare\"",
					"\"${PODS_ROOT}\"",
				);
				GCC_PRECOMPILE_PREFIX_HEADER = YES;
				GCC_PREFIX_HEADER = "BeautifulStart/BeautifulStart-Prefix.pch";
				HEADER_SEARCH_PATHS = (
					"\"$(SRCROOT)/iOSShare\"/**",
					"\"${PODS_ROOT}/Headers\"",
					"\"${PODS_ROOT}/Headers/AFNetworking\"",
					"\"${PODS_ROOT}/Headers/EGOTableViewPullRefresh\"",
					"\"${PODS_ROOT}/Headers/MBProgressHUD\"",
					"\"${PODS_ROOT}/Headers/SDWebImage\"",
					"\"${PODS_ROOT}/Headers/SDWebImage-ProgressView\"",
					"\"${PODS_ROOT}/Headers/SFHFKeychainUtils\"",
					"\"${PODS_ROOT}/Headers/UAAppReviewManager\"",
					"\"${PODS_ROOT}/Headers/UIActivityIndicator-for-SDWebImage\"",
					"\"$(SRCROOT)/NGTabBarController\"/**",
				);
				INFOPLIST_FILE = "BeautifulStart/BeautifulStart-Info.plist";
				OTHER_LDFLAGS = (
					"-ObjC",
					"-framework",
					CFNetwork,
					"-framework",
					CoreGraphics,
					"-framework",
					ImageIO,
					"-framework",
					MobileCoreServices,
					"-framework",
					QuartzCore,
					"-framework",
					Security,
					"-framework",
					SystemConfiguration,
					"-weak_framework",
					StoreKit,
				);
				PRODUCT_NAME = "$(TARGET_NAME)";
				WARNING_CFLAGS = "-Wno-arc-performSelector-leaks";
				WRAPPER_EXTENSION = app;
			};
			name = Release;
		};
		8CB8B26318ADC8B00031B387 /* Debug */ = {
			isa = XCBuildConfiguration;
			buildSettings = {
				BUNDLE_LOADER = "$(BUILT_PRODUCTS_DIR)/BeautifulStart.app/BeautifulStart";
				FRAMEWORK_SEARCH_PATHS = (
					"$(SDKROOT)/Developer/Library/Frameworks",
					"$(inherited)",
					"$(DEVELOPER_FRAMEWORKS_DIR)",
				);
				GCC_PRECOMPILE_PREFIX_HEADER = YES;
				GCC_PREFIX_HEADER = "BeautifulStart/BeautifulStart-Prefix.pch";
				GCC_PREPROCESSOR_DEFINITIONS = (
					"DEBUG=1",
					"$(inherited)",
				);
				INFOPLIST_FILE = "BeautifulStartTests/BeautifulStartTests-Info.plist";
				PRODUCT_NAME = "$(TARGET_NAME)";
				TEST_HOST = "$(BUNDLE_LOADER)";
				WRAPPER_EXTENSION = xctest;
			};
			name = Debug;
		};
		8CB8B26418ADC8B00031B387 /* Release */ = {
			isa = XCBuildConfiguration;
			buildSettings = {
				BUNDLE_LOADER = "$(BUILT_PRODUCTS_DIR)/BeautifulStart.app/BeautifulStart";
				FRAMEWORK_SEARCH_PATHS = (
					"$(SDKROOT)/Developer/Library/Frameworks",
					"$(inherited)",
					"$(DEVELOPER_FRAMEWORKS_DIR)",
				);
				GCC_PRECOMPILE_PREFIX_HEADER = YES;
				GCC_PREFIX_HEADER = "BeautifulStart/BeautifulStart-Prefix.pch";
				INFOPLIST_FILE = "BeautifulStartTests/BeautifulStartTests-Info.plist";
				PRODUCT_NAME = "$(TARGET_NAME)";
				TEST_HOST = "$(BUNDLE_LOADER)";
				WRAPPER_EXTENSION = xctest;
			};
			name = Release;
		};
/* End XCBuildConfiguration section */

/* Begin XCConfigurationList section */
		8CB8B22E18ADC8B00031B387 /* Build configuration list for PBXProject "BeautifulStart" */ = {
			isa = XCConfigurationList;
			buildConfigurations = (
				8CB8B25D18ADC8B00031B387 /* Debug */,
				8CB8B25E18ADC8B00031B387 /* Release */,
			);
			defaultConfigurationIsVisible = 0;
			defaultConfigurationName = Release;
		};
		8CB8B25F18ADC8B00031B387 /* Build configuration list for PBXNativeTarget "BeautifulStart" */ = {
			isa = XCConfigurationList;
			buildConfigurations = (
				8CB8B26018ADC8B00031B387 /* Debug */,
				8CB8B26118ADC8B00031B387 /* Release */,
			);
			defaultConfigurationIsVisible = 0;
			defaultConfigurationName = Release;
		};
		8CB8B26218ADC8B00031B387 /* Build configuration list for PBXNativeTarget "BeautifulStartTests" */ = {
			isa = XCConfigurationList;
			buildConfigurations = (
				8CB8B26318ADC8B00031B387 /* Debug */,
				8CB8B26418ADC8B00031B387 /* Release */,
			);
			defaultConfigurationIsVisible = 0;
			defaultConfigurationName = Release;
		};
/* End XCConfigurationList section */
	};
	rootObject = 8CB8B22B18ADC8B00031B387 /* Project object */;
}
